
Microsoft Visual Studio Solution File, Format Version 12.00
# Visual Studio Version 17
VisualStudioVersion = 17.14.37012.4
MinimumVisualStudioVersion = 10.0.40219.1
Project("{FAE04EC0-301F-11D3-BF4B-00C04F79EFBC}") = "SendDatanet", "SendDatanet\SendDatanet.csproj", "{320ED17B-EEF0-439F-AD2D-34EC521E54BD}"
EndProject
Global
	GlobalSection(SolutionConfigurationPlatforms) = preSolution
		Debug|Any CPU = Debug|Any CPU
		Release|Any CPU = Release|Any CPU
	EndGlobalSection
	GlobalSection(ProjectConfigurationPlatforms) = postSolution
		{320ED17B-EEF0-439F-AD2D-34EC521E54BD}.Debug|Any CPU.ActiveCfg = Debug|Any CPU
		{320ED17B-EEF0-439F-AD2D-34EC521E54BD}.Debug|Any CPU.Build.0 = Debug|Any CPU
		{320ED17B-EEF0-439F-AD2D-34EC521E54BD}.Release|Any CPU.ActiveCfg = Release|Any CPU
		{320ED17B-EEF0-439F-AD2D-34EC521E54BD}.Release|Any CPU.Build.0 = Release|Any CPU
	EndGlobalSection
	GlobalSection(SolutionProperties) = preSolution
		HideSolutionNode = FALSE
	EndGlobalSection
	GlobalSection(ExtensibilityGlobals) = postSolution
		SolutionGuid = {08627F85-D7B9-4E86-B1C6-32A4DC5B7F54}
	EndGlobalSection
EndGlobal
